version = 1
revision = 3
requires-python = ">=3.9"
resolution-markers = [
    "python_full_version >= '3.10'",
    "python_full_version < '3.10'",
]

[[package]]
name = "data-publish-app"
version = "0.1.0"
source = { editable = "." }
dependencies = [
    { name = "temporalio", version = "1.18.2", source = { registry = "https://pypi.org/simple" }, extra = ["opentelemetry"], marker = "python_full_version < '3.10'" },
    { name = "temporalio", version = "1.22.0", source = { registry = "https://pypi.org/simple" }, extra = ["opentelemetry"], marker = "python_full_version >= '3.10'" },
]

[package.metadata]
requires-dist = [{ name = "temporalio", extras = ["opentelemetry"], specifier = ">=1.0.0" }]

[[package]]
name = "importlib-metadata"
version = "8.7.1"
source = { registry = "https://pypi.org/simple" }
dependencies = [
    { name = "zipp" },
]
sdist = { url = "https://files.pythonhosted.org/packages/f3/49/3b30cad09e7771a4982d9975a8cbf64f00d4a1ececb53297f1d9a7be1b10/importlib_metadata-8.7.1.tar.gz", hash = "sha256:49fef1ae6440c182052f407c8d34a68f72efc36db9ca90dc0113398f2fdde8bb", size = 57107, upload-time = "2025-12-21T10:00:19.278Z" }
wheels = [
    { url = "https://files.pythonhosted.org/packages/fa/5e/f8e9a1d23b9c20a551a8a02ea3637b4642e22c2626e3a13a9a29cdea99eb/importlib_metadata-8.7.1-py3-none-any.whl", hash = "sha256:5a1f80bf1daa489495071efbb095d75a634cf28a8bc299581244063b53176151", size = 27865, upload-time = "2025-12-21T10:00:18.329Z" },
]

[[package]]
name = "nexus-rpc"
version = "1.1.0"
source = { registry = "https://pypi.org/simple" }
resolution-markers = [
    "python_full_version < '3.10'",
]
dependencies = [
    { name = "typing-extensions", marker = "python_full_version < '3.10'" },
]
sdist = { url = "https://files.pythonhosted.org/packages/ef/66/540687556bd28cf1ec370cc6881456203dfddb9dab047b8979c6865b5984/nexus_rpc-1.1.0.tar.gz", hash = "sha256:d65ad6a2f54f14e53ebe39ee30555eaeb894102437125733fb13034a04a44553", size = 77383, upload-time = "2025-07-07T19:03:58.368Z" }
wheels = [
    { url = "https://files.pythonhosted.org/packages/bf/2f/9e9d0dcaa4c6ffa22b7aa31069a8a264c753ff8027b36af602cce038c92f/nexus_rpc-1.1.0-py3-none-any.whl", hash = "sha256:d1b007af2aba186a27e736f8eaae39c03aed05b488084ff6c3d1785c9ba2ad38", size = 27743, upload-time = "2025-07-07T19:03:57.556Z" },
]

[[package]]
name = "nexus-rpc"
version = "1.3.0"
source = { registry = "https://pypi.org/simple" }
resolution-markers = [
    "python_full_version >= '3.10'",
]
dependencies = [
    { name = "typing-extensions", marker = "python_full_version >= '3.10'" },
]
sdist = { url = "https://files.pythonhosted.org/packages/2e/f2/d54f5c03d8f4672ccc0875787a385f53dcb61f98a8ae594b5620e85b9cb3/nexus_rpc-1.3.0.tar.gz", hash = "sha256:e56d3b57b60d707ce7a72f83f23f106b86eca1043aa658e44582ab5ff30ab9ad", size = 75650, upload-time = "2025-12-08T22:59:13.002Z" }
wheels = [
    { url = "https://files.pythonhosted.org/packages/d6/74/0afd841de3199c148146c1d43b4bfb5605b2f1dc4c9a9087fe395091ea5a/nexus_rpc-1.3.0-py3-none-any.whl", hash = "sha256:aee0707b4861b22d8124ecb3f27d62dafbe8777dc50c66c91e49c006f971b92d", size = 28873, upload-time = "2025-12-08T22:59:12.024Z" },
]

[[package]]
name = "opentelemetry-api"
version = "1.39.1"
source = { registry = "https://pypi.org/simple" }
dependencies = [
    { name = "importlib-metadata" },
    { name = "typing-extensions" },
]
sdist = { url = "https://files.pythonhosted.org/packages/97/b9/3161be15bb8e3ad01be8be5a968a9237c3027c5be504362ff800fca3e442/opentelemetry_api-1.39.1.tar.gz", hash = "sha256:fbde8c80e1b937a2c61f20347e91c0c18a1940cecf012d62e65a7caf08967c9c", size = 65767, upload-time = "2025-12-11T13:32:39.182Z" }
wheels = [
    { url = "https://files.pythonhosted.org/packages/cf/df/d3f1ddf4bb4cb50ed9b1139cc7b1c54c34a1e7ce8fd1b9a37c0d1551a6bd/opentelemetry_api-1.39.1-py3-none-any.whl", hash = "sha256:2edd8463432a7f8443edce90972169b195e7d6a05500cd29e6d13898187c9950", size = 66356, upload-time = "2025-12-11T13:32:17.304Z" },
]

[[package]]
name = "opentelemetry-sdk"
version = "1.39.1"
source = { registry = "https://pypi.org/simple" }
dependencies = [
    { name = "opentelemetry-api" },
    { name = "opentelemetry-semantic-conventions" },
    { name = "typing-extensions" },
]
sdist = { url = "https://files.pythonhosted.org/packages/eb/fb/c76080c9ba07e1e8235d24cdcc4d125ef7aa3edf23eb4e497c2e50889adc/opentelemetry_sdk-1.39.1.tar.gz", hash = "sha256:cf4d4563caf7bff906c9f7967e2be22d0d6b349b908be0d90fb21c8e9c995cc6", size = 171460, upload-time = "2025-12-11T13:32:49.369Z" }
wheels = [
    { url = "https://files.pythonhosted.org/packages/7c/98/e91cf858f203d86f4eccdf763dcf01cf03f1dae80c3750f7e635bfa206b6/opentelemetry_sdk-1.39.1-py3-none-any.whl", hash = "sha256:4d5482c478513ecb0a5d938dcc61394e647066e0cc2676bee9f3af3f3f45f01c", size = 132565, upload-time = "2025-12-11T13:32:35.069Z" },
]

[[package]]
name = "opentelemetry-semantic-conventions"
version = "0.60b1"
source = { registry = "https://pypi.org/simple" }
dependencies = [
    { name = "opentelemetry-api" },
    { name = "typing-extensions" },
]
sdist = { url = "https://files.pythonhosted.org/packages/91/df/553f93ed38bf22f4b999d9be9c185adb558982214f33eae539d3b5cd0858/opentelemetry_semantic_conventions-0.60b1.tar.gz", hash = "sha256:87c228b5a0669b748c76d76df6c364c369c28f1c465e50f661e39737e84bc953", size = 137935, upload-time = "2025-12-11T13:32:50.487Z" }
wheels = [
    { url = "https://files.pythonhosted.org/packages/7a/5e/5958555e09635d09b75de3c4f8b9cae7335ca545d77392ffe7331534c402/opentelemetry_semantic_conventions-0.60b1-py3-none-any.whl", hash = "sha256:9fa8c8b0c110da289809292b0591220d3a7b53c1526a23021e977d68597893fb", size = 219982, upload-time = "2025-12-11T13:32:36.955Z" },
]

[[package]]
name = "protobuf"
version = "6.33.5"
source = { registry = "https://pypi.org/simple" }
sdist = { url = "https://files.pythonhosted.org/packages/ba/25/7c72c307aafc96fa87062aa6291d9f7c94836e43214d43722e86037aac02/protobuf-6.33.5.tar.gz", hash = "sha256:6ddcac2a081f8b7b9642c09406bc6a4290128fce5f471cddd165960bb9119e5c", size = 444465, upload-time = "2026-01-29T21:51:33.494Z" }
wheels = [
    { url = "https://files.pythonhosted.org/packages/b1/79/af92d0a8369732b027e6d6084251dd8e782c685c72da161bd4a2e00fbabb/protobuf-6.33.5-cp310-abi3-win32.whl", hash = "sha256:d71b040839446bac0f4d162e758bea99c8251161dae9d0983a3b88dee345153b", size = 425769, upload-time = "2026-01-29T21:51:21.751Z" },
    { url = "https://files.pythonhosted.org/packages/55/75/bb9bc917d10e9ee13dee8607eb9ab963b7cf8be607c46e7862c748aa2af7/protobuf-6.33.5-cp310-abi3-win_amd64.whl", hash = "sha256:3093804752167bcab3998bec9f1048baae6e29505adaf1afd14a37bddede533c", size = 437118, upload-time = "2026-01-29T21:51:24.022Z" },
    { url = "https://files.pythonhosted.org/packages/a2/6b/e48dfc1191bc5b52950246275bf4089773e91cb5ba3592621723cdddca62/protobuf-6.33.5-cp39-abi3-macosx_10_9_universal2.whl", hash = "sha256:a5cb85982d95d906df1e2210e58f8e4f1e3cdc088e52c921a041f9c9a0386de5", size = 427766, upload-time = "2026-01-29T21:51:25.413Z" },
    { url = "https://files.pythonhosted.org/packages/4e/b1/c79468184310de09d75095ed1314b839eb2f72df71097db9d1404a1b2717/protobuf-6.33.5-cp39-abi3-manylinux2014_aarch64.whl", hash = "sha256:9b71e0281f36f179d00cbcb119cb19dec4d14a81393e5ea220f64b286173e190", size = 324638, upload-time = "2026-01-29T21:51:26.423Z" },
    { url = "https://files.pythonhosted.org/packages/c5/f5/65d838092fd01c44d16037953fd4c2cc851e783de9b8f02b27ec4ffd906f/protobuf-6.33.5-cp39-abi3-manylinux2014_s390x.whl", hash = "sha256:8afa18e1d6d20af15b417e728e9f60f3aa108ee76f23c3b2c07a2c3b546d3afd", size = 339411, upload-time = "2026-01-29T21:51:27.446Z" },
    { url = "https://files.pythonhosted.org/packages/9b/53/a9443aa3ca9ba8724fdfa02dd1887c1bcd8e89556b715cfbacca6b63dbec/protobuf-6.33.5-cp39-abi3-manylinux2014_x86_64.whl", hash = "sha256:cbf16ba3350fb7b889fca858fb215967792dc125b35c7976ca4818bee3521cf0", size = 323465, upload-time = "2026-01-29T21:51:28.925Z" },
    { url = "https://files.pythonhosted.org/packages/08/60/84d5f6dcda9165e4d6a56ac8433c9f40a8906bf2966150b8a0cfde097d78/protobuf-6.33.5-cp39-cp39-win32.whl", hash = "sha256:a3157e62729aafb8df6da2c03aa5c0937c7266c626ce11a278b6eb7963c4e37c", size = 425892, upload-time = "2026-01-29T21:51:30.382Z" },
    { url = "https://files.pythonhosted.org/packages/68/19/33d7dc2dc84439587fa1e21e1c0026c01ad2af0a62f58fd54002a7546307/protobuf-6.33.5-cp39-cp39-win_amd64.whl", hash = "sha256:8f04fa32763dcdb4973d537d6b54e615cc61108c7cb38fe59310c3192d29510a", size = 437137, upload-time = "2026-01-29T21:51:31.456Z" },
    { url = "https://files.pythonhosted.org/packages/57/bf/2086963c69bdac3d7cff1cc7ff79b8ce5ea0bec6797a017e1be338a46248/protobuf-6.33.5-py3-none-any.whl", hash = "sha256:69915a973dd0f60f31a08b8318b73eab2bd6a392c79184b3612226b0a3f8ec02", size = 170687, upload-time = "2026-01-29T21:51:32.557Z" },
]

[[package]]
name = "python-dateutil"
version = "2.9.0.post0"
source = { registry = "https://pypi.org/simple" }
dependencies = [
    { name = "six" },
]
sdist = { url = "https://files.pythonhosted.org/packages/66/c0/0c8b6ad9f17a802ee498c46e004a0eb49bc148f2fd230864601a86dcf6db/python-dateutil-2.9.0.post0.tar.gz", hash = "sha256:37dd54208da7e1cd875388217d5e00ebd4179249f90fb72437e91a35459a0ad3", size = 342432, upload-time = "2024-03-01T18:36:20.211Z" }
wheels = [
    { url = "https://files.pythonhosted.org/packages/ec/57/56b9bcc3c9c6a792fcbaf139543cee77261f3651ca9da0c93f5c1221264b/python_dateutil-2.9.0.post0-py2.py3-none-any.whl", hash = "sha256:a8b2bc7bffae282281c8140a97d3aa9c14da0b136dfe83f850eea9a5f7470427", size = 229892, upload-time = "2024-03-01T18:36:18.57Z" },
]

[[package]]
name = "six"
version = "1.17.0"
source = { registry = "https://pypi.org/simple" }
sdist = { url = "https://files.pythonhosted.org/packages/94/e7/b2c673351809dca68a0e064b6af791aa332cf192da575fd474ed7d6f16a2/six-1.17.0.tar.gz", hash = "sha256:ff70335d468e7eb6ec65b95b99d3a2836546063f63acc5171de367e834932a81", size = 34031, upload-time = "2024-12-04T17:35:28.174Z" }
wheels = [
    { url = "https://files.pythonhosted.org/packages/b7/ce/149a00dd41f10bc29e5921b496af8b574d8413afcd5e30dfa0ed46c2cc5e/six-1.17.0-py2.py3-none-any.whl", hash = "sha256:4721f391ed90541fddacab5acf947aa0d3dc7d27b2e1e8eda2be8970586c3274", size = 11050, upload-time = "2024-12-04T17:35:26.475Z" },
]

[[package]]
name = "temporalio"
version = "1.18.2"
source = { registry = "https://pypi.org/simple" }
resolution-markers = [
    "python_full_version < '3.10'",
]
dependencies = [
    { name = "nexus-rpc", version = "1.1.0", source = { registry = "https://pypi.org/simple" }, marker = "python_full_version < '3.10'" },
    { name = "protobuf", marker = "python_full_version < '3.10'" },
    { name = "python-dateutil", marker = "python_full_version < '3.10'" },
    { name = "types-protobuf", marker = "python_full_version < '3.10'" },
    { name = "typing-extensions", marker = "python_full_version < '3.10'" },
]
sdist = { url = "https://files.pythonhosted.org/packages/61/ab/f866e19e02d46792ebd08e3e975f30ec86f985f1cd0cee4d5bc632d538e6/temporalio-1.18.2.tar.gz", hash = "sha256:b6ecb43562988ac698eef155d9c2527fa6c53a2ae564cb4787421499a0269599", size = 1788530, upload-time = "2025-10-27T19:24:50.624Z" }
wheels = [
    { url = "https://files.pythonhosted.org/packages/35/7e/2fc0d8cf18644fba2e4e5d0ba66206bf2e6f22ad04e9da8f038261351ff6/temporalio-1.18.2-cp39-abi3-macosx_10_12_x86_64.whl", hash = "sha256:b97f046b23a492b0a3956dffce3664ed44ca1f3577df6aa4b8023ec988f5d093", size = 12808656, upload-time = "2025-10-27T19:24:26.884Z" },
    { url = "https://files.pythonhosted.org/packages/f9/2f/8ee0836e31f60a03582358ff64210f6f0c91001f34e4fc85da892e5c3087/temporalio-1.18.2-cp39-abi3-macosx_11_0_arm64.whl", hash = "sha256:dac1203ebabae3268bc0b43b8c841e6f9102893c616488a278bc5d06043b76e5", size = 12393520, upload-time = "2025-10-27T19:24:32.048Z" },
    { url = "https://files.pythonhosted.org/packages/fc/39/53d9add2e8c1d4066ea0c288476cdc944453ea309e36e7b24d4a1c43db79/temporalio-1.18.2-cp39-abi3-manylinux_2_17_aarch64.manylinux2014_aarch64.whl", hash = "sha256:f45b124099dbbe32a76a4df0d851db2ad94e6725f778fd74fccc8d33ee4868e9", size = 12733544, upload-time = "2025-10-27T19:24:36.871Z" },
    { url = "https://files.pythonhosted.org/packages/22/b2/5558978e9002fd1e71a1a459ddcc8fdd1fc1f4f595fd578eb7568be266a6/temporalio-1.18.2-cp39-abi3-manylinux_2_17_x86_64.manylinux2014_x86_64.whl", hash = "sha256:d427a398f6f402920e9f78d571b7d7a72876244d5affeaeaec8843c34013e84e", size = 12926857, upload-time = "2025-10-27T19:24:43.443Z" },
    { url = "https://files.pythonhosted.org/packages/5d/a2/ea81149ae7faa154aa842e9dd88390df3158a687db694e06d08716c030b6/temporalio-1.18.2-cp39-abi3-win_amd64.whl", hash = "sha256:7e1f3da98cf23af7094467f1c1180374a10c38aa712cd7e868e15412dd2c6cde", size = 13059111, upload-time = "2025-10-27T19:24:48.382Z" },
]

[package.optional-dependencies]
opentelemetry = [
    { name = "opentelemetry-api", marker = "python_full_version < '3.10'" },
    { name = "opentelemetry-sdk", marker = "python_full_version < '3.10'" },
]

[[package]]
name = "temporalio"
version = "1.22.0"
source = { registry = "https://pypi.org/simple" }
resolution-markers = [
    "python_full_version >= '3.10'",
]
dependencies = [
    { name = "nexus-rpc", version = "1.3.0", source = { registry = "https://pypi.org/simple" }, marker = "python_full_version >= '3.10'" },
    { name = "protobuf", marker = "python_full_version >= '3.10'" },
    { name = "python-dateutil", marker = "python_full_version == '3.10.*'" },
    { name = "types-protobuf", marker = "python_full_version >= '3.10'" },
    { name = "typing-extensions", marker = "python_full_version >= '3.10'" },
]
sdist = { url = "https://files.pythonhosted.org/packages/b5/28/2a79a1e98e4280924f08ea0989ee045aa0b65f17f8d4f2ae7b53c2f4c38d/temporalio-1.22.0.tar.gz", hash = "sha256:896452fad246de2277cbb0408e4e0899882da1843480d5cbb57c7a5767440834", size = 1906162, upload-time = "2026-02-03T20:58:37.042Z" }
wheels = [
    { url = "https://files.pythonhosted.org/packages/da/00/4dd57b3be03cc22523fd7083a3f63700188d7856ada875c99e71ca9a72bd/temporalio-1.22.0-cp310-abi3-macosx_10_12_x86_64.whl", hash = "sha256:532ef90cdee487a76c46eb71348f94f0a8a432e9dd241a0552b384314bbe28c0", size = 12198015, upload-time = "2026-02-03T20:57:04.056Z" },
    { url = "https://files.pythonhosted.org/packages/a7/15/1c24ea8005f1abc58dbb35b26ea93e5067afc385e56dda0e50c64c75cc07/temporalio-1.22.0-cp310-abi3-macosx_11_0_arm64.whl", hash = "sha256:2a5f8646c1a0c36d5d4472462f2d315bafa7e2c9b1f52f15a07d01d1ccc33778", size = 11697647, upload-time = "2026-02-03T20:57:26.252Z" },
    { url = "https://files.pythonhosted.org/packages/09/2e/b65ec41f73030a109c253ac30545e4aac19044cd30083231b9b5993914e8/temporalio-1.22.0-cp310-abi3-manylinux_2_17_aarch64.manylinux2014_aarch64.whl", hash = "sha256:f8cf7c909f7d6bc236a45aa09fc347cb53b02fa3287df29409d0500fc21c0dc5", size = 11972722, upload-time = "2026-02-03T20:57:47.371Z" },
    { url = "https://files.pythonhosted.org/packages/b4/de/048bf901417940f62bd69243d95762a63e97a5ad138c514c76852d364cd6/temporalio-1.22.0-cp310-abi3-manylinux_2_17_x86_64.manylinux2014_x86_64.whl", hash = "sha256:4ac4adf1ac20f594066b8091de22f463a31f0926c23be1e990519fd6dbbb9d1b", size = 12275101, upload-time = "2026-02-03T20:58:09.636Z" },
    { url = "https://files.pythonhosted.org/packages/14/8e/f5852ef5326990ae5a15cb5f764254df1d086463ddc8244766d13872c3d3/temporalio-1.22.0-cp310-abi3-win_amd64.whl", hash = "sha256:4453ba03681e4ed39bf410f76997b7e0b9ec239d0dff7cabd53eb89c7fbaa6b0", size = 12713408, upload-time = "2026-02-03T20:58:32.086Z" },
]

[package.optional-dependencies]
opentelemetry = [
    { name = "opentelemetry-api", marker = "python_full_version >= '3.10'" },
    { name = "opentelemetry-sdk", marker = "python_full_version >= '3.10'" },
]

[[package]]
name = "types-protobuf"
version = "6.32.1.20251210"
source = { registry = "https://pypi.org/simple" }
sdist = { url = "https://files.pythonhosted.org/packages/c2/59/c743a842911887cd96d56aa8936522b0cd5f7a7f228c96e81b59fced45be/types_protobuf-6.32.1.20251210.tar.gz", hash = "sha256:c698bb3f020274b1a2798ae09dc773728ce3f75209a35187bd11916ebfde6763", size = 63900, upload-time = "2025-12-10T03:14:25.451Z" }
wheels = [
    { url = "https://files.pythonhosted.org/packages/aa/43/58e75bac4219cbafee83179505ff44cae3153ec279be0e30583a73b8f108/types_protobuf-6.32.1.20251210-py3-none-any.whl", hash = "sha256:2641f78f3696822a048cfb8d0ff42ccd85c25f12f871fbebe86da63793692140", size = 77921, upload-time = "2025-12-10T03:14:24.477Z" },
]

[[package]]
name = "typing-extensions"
version = "4.15.0"
source = { registry = "https://pypi.org/simple" }
sdist = { url = "https://files.pythonhosted.org/packages/72/94/1a15dd82efb362ac84269196e94cf00f187f7ed21c242792a923cdb1c61f/typing_extensions-4.15.0.tar.gz", hash = "sha256:0cea48d173cc12fa28ecabc3b837ea3cf6f38c6d1136f85cbaaf598984861466", size = 109391, upload-time = "2025-08-25T13:49:26.313Z" }
wheels = [
    { url = "https://files.pythonhosted.org/packages/18/67/36e9267722cc04a6b9f15c7f3441c2363321a3ea07da7ae0c0707beb2a9c/typing_extensions-4.15.0-py3-none-any.whl", hash = "sha256:f0fa19c6845758ab08074a0cfa8b7aecb71c999ca73d62883bc25cc018c4e548", size = 44614, upload-time = "2025-08-25T13:49:24.86Z" },
]

[[package]]
name = "zipp"
version = "3.23.0"
source = { registry = "https://pypi.org/simple" }
sdist = { url = "https://files.pythonhosted.org/packages/e3/02/0f2892c661036d50ede074e376733dca2ae7c6eb617489437771209d4180/zipp-3.23.0.tar.gz", hash = "sha256:a07157588a12518c9d4034df3fbbee09c814741a33ff63c05fa29d26a2404166", size = 25547, upload-time = "2025-06-08T17:06:39.4Z" }
wheels = [
    { url = "https://files.pythonhosted.org/packages/2e/54/647ade08bf0db230bfea292f893923872fd20be6ac6f53b2b936ba839d75/zipp-3.23.0-py3-none-any.whl", hash = "sha256:071652d6115ed432f5ce1d34c336c0adfd6a884660d1e9712a256d3d3bd4b14e", size = 10276, upload-time = "2025-06-08T17:06:38.034Z" },
]
